// !$*UTF8*$!
{
	archiveVersion = 1;
	classes = {
	};
	objectVersion = 77;
	objects = {

/* Begin PBXContainerItemProxy section */
		B57D2F2F2CBE0F310015B61F /* PBXContainerItemProxy */ = {
			isa = PBXContainerItemProxy;
			containerPortal = B57D2F162CBE0F300015B61F /* Project object */;
			proxyType = 1;
			remoteGlobalIDString = B57D2F1D2CBE0F300015B61F;
			remoteInfo = HeartLink;
		};
		B57D2F392CBE0F310015B61F /* PBXContainerItemProxy */ = {
			isa = PBXContainerItemProxy;
			containerPortal = B57D2F162CBE0F300015B61F /* Project object */;
			proxyType = 1;
			remoteGlobalIDString = B57D2F1D2CBE0F300015B61F;
			remoteInfo = HeartLink;
		};
/* End PBXContainerItemProxy section */

/* Begin PBXFileReference section */
		B57D2F1E2CBE0F300015B61F /* HeartLink.app */ = {isa = PBXFileReference; explicitFileType = wrapper.application; includeInIndex = 0; path = HeartLink.app; sourceTree = BUILT_PRODUCTS_DIR; };
		B57D2F2E2CBE0F310015B61F /* HeartLinkTests.xctest */ = {isa = PBXFileReference; explicitFileType = wrapper.cfbundle; includeInIndex = 0; path = HeartLinkTests.xctest; sourceTree = BUILT_PRODUCTS_DIR; };
		B57D2F382CBE0F310015B61F /* HeartLinkUITests.xctest */ = {isa = PBXFileReference; explicitFileType = wrapper.cfbundle; includeInIndex = 0; path = HeartLinkUITests.xctest; sourceTree = BUILT_PRODUCTS_DIR; };
/* End PBXFileReference section */

/* Begin PBXFileSystemSynchronizedBuildFileExceptionSet section */
		B5D84AD12CD15658000459A3 /* Exceptions for "HeartLink" folder in "HeartLinkTests" target */ = {
			isa = PBXFileSystemSynchronizedBuildFileExceptionSet;
			membershipExceptions = (
				ViewModel/BluetoothManager.swift,
				Views/BluetoothOutput.swift,
				Views/BluetoothView.swift,
				Views/HomeView.swift,
				Views/MainNavView.swift,
				Views/RecordingView.swift,
			);
			target = B57D2F2D2CBE0F310015B61F /* HeartLinkTests */;
		};
		B5D84AD22CD15658000459A3 /* Exceptions for "HeartLink" folder in "HeartLinkUITests" target */ = {
			isa = PBXFileSystemSynchronizedBuildFileExceptionSet;
			membershipExceptions = (
				ViewModel/BluetoothManager.swift,
				Views/BluetoothOutput.swift,
				Views/BluetoothView.swift,
				Views/HomeView.swift,
				Views/MainNavView.swift,
				Views/RecordingView.swift,
			);
			target = B57D2F372CBE0F310015B61F /* HeartLinkUITests */;
		};
/* End PBXFileSystemSynchronizedBuildFileExceptionSet section */

/* Begin PBXFileSystemSynchronizedRootGroup section */
		B57D2F202CBE0F300015B61F /* HeartLink */ = {
			isa = PBXFileSystemSynchronizedRootGroup;
			exceptions = (
				B5D84AD12CD15658000459A3 /* Exceptions for "HeartLink" folder in "HeartLinkTests" target */,
				B5D84AD22CD15658000459A3 /* Exceptions for "HeartLink" folder in "HeartLinkUITests" target */,
			);
			path = HeartLink;
			sourceTree = "<group>";
		};
		B57D2F312CBE0F310015B61F /* HeartLinkTests */ = {
			isa = PBXFileSystemSynchronizedRootGroup;
			path = HeartLinkTests;
			sourceTree = "<group>";
		};
		B57D2F3B2CBE0F310015B61F /* HeartLinkUITests */ = {
			isa = PBXFileSystemSynchronizedRootGroup;
			path = HeartLinkUITests;
			sourceTree = "<group>";
		};
/* End PBXFileSystemSynchronizedRootGroup section */

/* Begin PBXFrameworksBuildPhase section */
		B57D2F1B2CBE0F300015B61F /* Frameworks */ = {
			isa = PBXFrameworksBuildPhase;
			buildActionMask = 2147483647;
			files = (
			);
			runOnlyForDeploymentPostprocessing = 0;
		};
		B57D2F2B2CBE0F310015B61F /* Frameworks */ = {
			isa = PBXFrameworksBuildPhase;
			buildActionMask = 2147483647;
			files = (
			);
			runOnlyForDeploymentPostprocessing = 0;
		};
		B57D2F352CBE0F310015B61F /* Frameworks */ = {
			isa = PBXFrameworksBuildPhase;
			buildActionMask = 2147483647;
			files = (
			);
			runOnlyForDeploymentPostprocessing = 0;
		};
/* End PBXFrameworksBuildPhase section */

/* Begin PBXGroup section */
		B57D2F152CBE0F300015B61F = {
			isa = PBXGroup;
			children = (
				B57D2F202CBE0F300015B61F /* HeartLink */,
				B57D2F312CBE0F310015B61F /* HeartLinkTests */,
				B57D2F3B2CBE0F310015B61F /* HeartLinkUITests */,
				B57D2F1F2CBE0F300015B61F /* Products */,
			);
			sourceTree = "<group>";
		};
		B57D2F1F2CBE0F300015B61F /* Products */ = {
			isa = PBXGroup;
			children = (
				B57D2F1E2CBE0F300015B61F /* HeartLink.app */,
				B57D2F2E2CBE0F310015B61F /* HeartLinkTests.xctest */,
				B57D2F382CBE0F310015B61F /* HeartLinkUITests.xctest */,
			);
			name = Products;
			sourceTree = "<group>";
		};
/* End PBXGroup section */

/* Begin PBXNativeTarget section */
		B57D2F1D2CBE0F300015B61F /* HeartLink */ = {
			isa = PBXNativeTarget;
			buildConfigurationList = B57D2F422CBE0F310015B61F /* Build configuration list for PBXNativeTarget "HeartLink" */;
			buildPhases = (
				B57D2F1A2CBE0F300015B61F /* Sources */,
				B57D2F1B2CBE0F300015B61F /* Frameworks */,
				B57D2F1C2CBE0F300015B61F /* Resources */,
			);
			buildRules = (
			);
			dependencies = (
			);
			fileSystemSynchronizedGroups = (
				B57D2F202CBE0F300015B61F /* HeartLink */,
			);
			name = HeartLink;
			packageProductDependencies = (
			);
			productName = HeartLink;
			productReference = B57D2F1E2CBE0F300015B61F /* HeartLink.app */;
			productType = "com.apple.product-type.application";
		};
		B57D2F2D2CBE0F310015B61F /* HeartLinkTests */ = {
			isa = PBXNativeTarget;
			buildConfigurationList = B57D2F452CBE0F310015B61F /* Build configuration list for PBXNativeTarget "HeartLinkTests" */;
			buildPhases = (
				B57D2F2A2CBE0F310015B61F /* Sources */,
				B57D2F2B2CBE0F310015B61F /* Frameworks */,
				B57D2F2C2CBE0F310015B61F /* Resources */,
			);
			buildRules = (
			);
			dependencies = (
				B57D2F302CBE0F310015B61F /* PBXTargetDependency */,
			);
			fileSystemSynchronizedGroups = (
				B57D2F312CBE0F310015B61F /* HeartLinkTests */,
			);
			name = HeartLinkTests;
			packageProductDependencies = (
			);
			productName = HeartLinkTests;
			productReference = B57D2F2E2CBE0F310015B61F /* HeartLinkTests.xctest */;
			productType = "com.apple.product-type.bundle.unit-test";
		};
		B57D2F372CBE0F310015B61F /* HeartLinkUITests */ = {
			isa = PBXNativeTarget;
			buildConfigurationList = B57D2F482CBE0F310015B61F /* Build configuration list for PBXNativeTarget "HeartLinkUITests" */;
			buildPhases = (
				B57D2F342CBE0F310015B61F /* Sources */,
				B57D2F352CBE0F310015B61F /* Frameworks */,
				B57D2F362CBE0F310015B61F /* Resources */,
			);
			buildRules = (
			);
			dependencies = (
				B57D2F3A2CBE0F310015B61F /* PBXTargetDependency */,
			);
			fileSystemSynchronizedGroups = (
				B57D2F3B2CBE0F310015B61F /* HeartLinkUITests */,
			);
			name = HeartLinkUITests;
			packageProductDependencies = (
			);
			productName = HeartLinkUITests;
			productReference = B57D2F382CBE0F310015B61F /* HeartLinkUITests.xctest */;
			productType = "com.apple.product-type.bundle.ui-testing";
		};
/* End PBXNativeTarget section */

/* Begin PBXProject section */
		B57D2F162CBE0F300015B61F /* Project object */ = {
			isa = PBXProject;
			attributes = {
				BuildIndependentTargetsInParallel = 1;
				LastSwiftUpdateCheck = 1600;
				LastUpgradeCheck = 1600;
				TargetAttributes = {
					B57D2F1D2CBE0F300015B61F = {
						CreatedOnToolsVersion = 16.0;
					};
					B57D2F2D2CBE0F310015B61F = {
						CreatedOnToolsVersion = 16.0;
						TestTargetID = B57D2F1D2CBE0F300015B61F;
					};
					B57D2F372CBE0F310015B61F = {
						CreatedOnToolsVersion = 16.0;
						TestTargetID = B57D2F1D2CBE0F300015B61F;
					};
				};
			};
			buildConfigurationList = B57D2F192CBE0F300015B61F /* Build configuration list for PBXProject "HeartLink" */;
			developmentRegion = en;
			hasScannedForEncodings = 0;
			knownRegions = (
				en,
				Base,
			);
			mainGroup = B57D2F152CBE0F300015B61F;
			minimizedProjectReferenceProxies = 1;
			preferredProjectObjectVersion = 77;
			productRefGroup = B57D2F1F2CBE0F300015B61F /* Products */;
			projectDirPath = "";
			projectRoot = "";
			targets = (
				B57D2F1D2CBE0F300015B61F /* HeartLink */,
				B57D2F2D2CBE0F310015B61F /* HeartLinkTests */,
				B57D2F372CBE0F310015B61F /* HeartLinkUITests */,
			);
		};
/* End PBXProject section */

/* Begin PBXResourcesBuildPhase section */
		B57D2F1C2CBE0F300015B61F /* Resources */ = {
			isa = PBXResourcesBuildPhase;
			buildActionMask = 2147483647;
			files = (
			);
			runOnlyForDeploymentPostprocessing = 0;
		};
		B57D2F2C2CBE0F310015B61F /* Resources */ = {
			isa = PBXResourcesBuildPhase;
			buildActionMask = 2147483647;
			files = (
			);
			runOnlyForDeploymentPostprocessing = 0;
		};
		B57D2F362CBE0F310015B61F /* Resources */ = {
			isa = PBXResourcesBuildPhase;
			buildActionMask = 2147483647;
			files = (
			);
			runOnlyForDeploymentPostprocessing = 0;
		};
/* End PBXResourcesBuildPhase section */

/* Begin PBXSourcesBuildPhase section */
		B57D2F1A2CBE0F300015B61F /* Sources */ = {
			isa = PBXSourcesBuildPhase;
			buildActionMask = 2147483647;
			files = (
			);
			runOnlyForDeploymentPostprocessing = 0;
		};
		B57D2F2A2CBE0F310015B61F /* Sources */ = {
			isa = PBXSourcesBuildPhase;
			buildActionMask = 2147483647;
			files = (
			);
			runOnlyForDeploymentPostprocessing = 0;
		};
		B57D2F342CBE0F310015B61F /* Sources */ = {
			isa = PBXSourcesBuildPhase;
			buildActionMask = 2147483647;
			files = (
			);
			runOnlyForDeploymentPostprocessing = 0;
		};
/* End PBXSourcesBuildPhase section */

/* Begin PBXTargetDependency section */
		B57D2F302CBE0F310015B61F /* PBXTargetDependency */ = {
			isa = PBXTargetDependency;
			target = B57D2F1D2CBE0F300015B61F /* HeartLink */;
			targetProxy = B57D2F2F2CBE0F310015B61F /* PBXContainerItemProxy */;
		};
		B57D2F3A2CBE0F310015B61F /* PBXTargetDependency */ = {
			isa = PBXTargetDependency;
			target = B57D2F1D2CBE0F300015B61F /* HeartLink */;
			targetProxy = B57D2F392CBE0F310015B61F /* PBXContainerItemProxy */;
		};
/* End PBXTargetDependency section */

/* Begin XCBuildConfiguration section */
		B57D2F402CBE0F310015B61F /* Debug */ = {
			isa = XCBuildConfiguration;
			buildSettings = {
				ALWAYS_SEARCH_USER_PATHS = NO;
				ASSETCATALOG_COMPILER_GENERATE_SWIFT_ASSET_SYMBOL_EXTENSIONS = YES;
				CLANG_ANALYZER_NONNULL = YES;
				CLANG_ANALYZER_NUMBER_OBJECT_CONVERSION = YES_AGGRESSIVE;
				CLANG_CXX_LANGUAGE_STANDARD = "gnu++20";
				CLANG_ENABLE_MODULES = YES;
				CLANG_ENABLE_OBJC_ARC = YES;
				CLANG_ENABLE_OBJC_WEAK = YES;
				CLANG_WARN_BLOCK_CAPTURE_AUTORELEASING = YES;
				CLANG_WARN_BOOL_CONVERSION = YES;
				CLANG_WARN_COMMA = YES;
				CLANG_WARN_CONSTANT_CONVERSION = YES;
				CLANG_WARN_DEPRECATED_OBJC_IMPLEMENTATIONS = YES;
				CLANG_WARN_DIRECT_OBJC_ISA_USAGE = YES_ERROR;
				CLANG_WARN_DOCUMENTATION_COMMENTS = YES;
				CLANG_WARN_EMPTY_BODY = YES;
				CLANG_WARN_ENUM_CONVERSION = YES;
				CLANG_WARN_INFINITE_RECURSION = YES;
				CLANG_WARN_INT_CONVERSION = YES;
				CLANG_WARN_NON_LITERAL_NULL_CONVERSION = YES;
				CLANG_WARN_OBJC_IMPLICIT_RETAIN_SELF = YES;
				CLANG_WARN_OBJC_LITERAL_CONVERSION = YES;
				CLANG_WARN_OBJC_ROOT_CLASS = YES_ERROR;
				CLANG_WARN_QUOTED_INCLUDE_IN_FRAMEWORK_HEADER = YES;
				CLANG_WARN_RANGE_LOOP_ANALYSIS = YES;
				CLANG_WARN_STRICT_PROTOTYPES = YES;
				CLANG_WARN_SUSPICIOUS_MOVE = YES;
				CLANG_WARN_UNGUARDED_AVAILABILITY = YES_AGGRESSIVE;
				CLANG_WARN_UNREACHABLE_CODE = YES;
				CLANG_WARN__DUPLICATE_METHOD_MATCH = YES;
				CODE_SIGN_IDENTITY = "Apple Development";
				COPY_PHASE_STRIP = NO;
				DEBUG_INFORMATION_FORMAT = dwarf;
				ENABLE_STRICT_OBJC_MSGSEND = YES;
				ENABLE_TESTABILITY = YES;
				ENABLE_USER_SCRIPT_SANDBOXING = YES;
				GCC_C_LANGUAGE_STANDARD = gnu17;
				GCC_DYNAMIC_NO_PIC = NO;
				GCC_NO_COMMON_BLOCKS = YES;
				GCC_OPTIMIZATION_LEVEL = 0;
				GCC_PREPROCESSOR_DEFINITIONS = (
					"DEBUG=1",
					"$(inherited)",
				);
				GCC_WARN_64_TO_32_BIT_CONVERSION = YES;
				GCC_WARN_ABOUT_RETURN_TYPE = YES_ERROR;
				GCC_WARN_UNDECLARED_SELECTOR = YES;
				GCC_WARN_UNINITIALIZED_AUTOS = YES_AGGRESSIVE;
				GCC_WARN_UNUSED_FUNCTION = YES;
				GCC_WARN_UNUSED_VARIABLE = YES;
				IPHONEOS_DEPLOYMENT_TARGET = 18.0;
				LOCALIZATION_PREFERS_STRING_CATALOGS = YES;
				MTL_ENABLE_DEBUG_INFO = INCLUDE_SOURCE;
				MTL_FAST_MATH = YES;
				ONLY_ACTIVE_ARCH = YES;
				SDKROOT = iphoneos;
				SWIFT_ACTIVE_COMPILATION_CONDITIONS = "DEBUG $(inherited)";
				SWIFT_OPTIMIZATION_LEVEL = "-Onone";
			};
			name = Debug;
		};
		B57D2F412CBE0F310015B61F /* Release */ = {
			isa = XCBuildConfiguration;
			buildSettings = {
				ALWAYS_SEARCH_USER_PATHS = NO;
				ASSETCATALOG_COMPILER_GENERATE_SWIFT_ASSET_SYMBOL_EXTENSIONS = YES;
				CLANG_ANALYZER_NONNULL = YES;
				CLANG_ANALYZER_NUMBER_OBJECT_CONVERSION = YES_AGGRESSIVE;
				CLANG_CXX_LANGUAGE_STANDARD = "gnu++20";
				CLANG_ENABLE_MODULES = YES;
				CLANG_ENABLE_OBJC_ARC = YES;
				CLANG_ENABLE_OBJC_WEAK = YES;
				CLANG_WARN_BLOCK_CAPTURE_AUTORELEASING = YES;
				CLANG_WARN_BOOL_CONVERSION = YES;
				CLANG_WARN_COMMA = YES;
				CLANG_WARN_CONSTANT_CONVERSION = YES;
				CLANG_WARN_DEPRECATED_OBJC_IMPLEMENTATIONS = YES;
				CLANG_WARN_DIRECT_OBJC_ISA_USAGE = YES_ERROR;
				CLANG_WARN_DOCUMENTATION_COMMENTS = YES;
				CLANG_WARN_EMPTY_BODY = YES;
				CLANG_WARN_ENUM_CONVERSION = YES;
				CLANG_WARN_INFINITE_RECURSION = YES;
				CLANG_WARN_INT_CONVERSION = YES;
				CLANG_WARN_NON_LITERAL_NULL_CONVERSION = YES;
				CLANG_WARN_OBJC_IMPLICIT_RETAIN_SELF = YES;
				CLANG_WARN_OBJC_LITERAL_CONVERSION = YES;
				CLANG_WARN_OBJC_ROOT_CLASS = YES_ERROR;
				CLANG_WARN_QUOTED_INCLUDE_IN_FRAMEWORK_HEADER = YES;
				CLANG_WARN_RANGE_LOOP_ANALYSIS = YES;
				CLANG_WARN_STRICT_PROTOTYPES = YES;
				CLANG_WARN_SUSPICIOUS_MOVE = YES;
				CLANG_WARN_UNGUARDED_AVAILABILITY = YES_AGGRESSIVE;
				CLANG_WARN_UNREACHABLE_CODE = YES;
				CLANG_WARN__DUPLICATE_METHOD_MATCH = YES;
				CODE_SIGN_IDENTITY = "Apple Development";
				COPY_PHASE_STRIP = NO;
				DEBUG_INFORMATION_FORMAT = "dwarf-with-dsym";
				ENABLE_NS_ASSERTIONS = NO;
				ENABLE_STRICT_OBJC_MSGSEND = YES;
				ENABLE_USER_SCRIPT_SANDBOXING = YES;
				GCC_C_LANGUAGE_STANDARD = gnu17;
				GCC_NO_COMMON_BLOCKS = YES;
				GCC_WARN_64_TO_32_BIT_CONVERSION = YES;
				GCC_WARN_ABOUT_RETURN_TYPE = YES_ERROR;
				GCC_WARN_UNDECLARED_SELECTOR = YES;
				GCC_WARN_UNINITIALIZED_AUTOS = YES_AGGRESSIVE;
				GCC_WARN_UNUSED_FUNCTION = YES;
				GCC_WARN_UNUSED_VARIABLE = YES;
				IPHONEOS_DEPLOYMENT_TARGET = 18.0;
				LOCALIZATION_PREFERS_STRING_CATALOGS = YES;
				MTL_ENABLE_DEBUG_INFO = NO;
				MTL_FAST_MATH = YES;
				SDKROOT = iphoneos;
				SWIFT_COMPILATION_MODE = wholemodule;
				VALIDATE_PRODUCT = YES;
			};
			name = Release;
		};
		B57D2F432CBE0F310015B61F /* Debug */ = {
			isa = XCBuildConfiguration;
			buildSettings = {
				ASSETCATALOG_COMPILER_APPICON_NAME = AppIcon;
				ASSETCATALOG_COMPILER_GLOBAL_ACCENT_COLOR_NAME = AccentColor;
				CODE_SIGN_IDENTITY = "Apple Development";
				CODE_SIGN_STYLE = Automatic;
				CURRENT_PROJECT_VERSION = 1;
				DEVELOPMENT_ASSET_PATHS = "\"HeartLink/Preview Content\"";
				DEVELOPMENT_TEAM = V4BVAJHMS3;
				ENABLE_PREVIEWS = YES;
				GENERATE_INFOPLIST_FILE = YES;
				INFOPLIST_KEY_NSBluetoothAlwaysUsageDescription = "Need to connect to digital stethoscope to begin readings.";
				INFOPLIST_KEY_NSBluetoothPeripheralUsageDescription = "Need to connect to digital stethoscope to begin readings.";
				INFOPLIST_KEY_UIApplicationSceneManifest_Generation = YES;
				INFOPLIST_KEY_UIApplicationSupportsIndirectInputEvents = YES;
				INFOPLIST_KEY_UILaunchScreen_Generation = YES;
				INFOPLIST_KEY_UISupportedInterfaceOrientations_iPad = "UIInterfaceOrientationPortrait UIInterfaceOrientationPortraitUpsideDown UIInterfaceOrientationLandscapeLeft UIInterfaceOrientationLandscapeRight";
				INFOPLIST_KEY_UISupportedInterfaceOrientations_iPhone = "UIInterfaceOrientationPortrait UIInterfaceOrientationLandscapeLeft UIInterfaceOrientationLandscapeRight";
				LD_RUNPATH_SEARCH_PATHS = (
					"$(inherited)",
					"@executable_path/Frameworks",
				);
				MARKETING_VERSION = 1.0;
				PRODUCT_BUNDLE_IDENTIFIER = com.sunb26.HeartLink;
				PRODUCT_NAME = "$(TARGET_NAME)";
				PROVISIONING_PROFILE_SPECIFIER = "";
				SWIFT_EMIT_LOC_STRINGS = YES;
				SWIFT_VERSION = 5.0;
				TARGETED_DEVICE_FAMILY = "1,2";
			};
			name = Debug;
		};
		B57D2F442CBE0F310015B61F /* Release */ = {
			isa = XCBuildConfiguration;
			buildSettings = {
				ASSETCATALOG_COMPILER_APPICON_NAME = AppIcon;
				ASSETCATALOG_COMPILER_GLOBAL_ACCENT_COLOR_NAME = AccentColor;
				CODE_SIGN_IDENTITY = "Apple Development";
				CODE_SIGN_STYLE = Automatic;
				CURRENT_PROJECT_VERSION = 1;
				DEVELOPMENT_ASSET_PATHS = "\"HeartLink/Preview Content\"";
				DEVELOPMENT_TEAM = V4BVAJHMS3;
				ENABLE_PREVIEWS = YES;
				GENERATE_INFOPLIST_FILE = YES;
				INFOPLIST_KEY_NSBluetoothAlwaysUsageDescription = "Need to connect to digital stethoscope to begin readings.";
				INFOPLIST_KEY_NSBluetoothPeripheralUsageDescription = "Need to connect to digital stethoscope to begin readings.";
				INFOPLIST_KEY_UIApplicationSceneManifest_Generation = YES;
				INFOPLIST_KEY_UIApplicationSupportsIndirectInputEvents = YES;
				INFOPLIST_KEY_UILaunchScreen_Generation = YES;
				INFOPLIST_KEY_UISupportedInterfaceOrientations_iPad = "UIInterfaceOrientationPortrait UIInterfaceOrientationPortraitUpsideDown UIInterfaceOrientationLandscapeLeft UIInterfaceOrientationLandscapeRight";
				INFOPLIST_KEY_UISupportedInterfaceOrientations_iPhone = "UIInterfaceOrientationPortrait UIInterfaceOrientationLandscapeLeft UIInterfaceOrientationLandscapeRight";
				LD_RUNPATH_SEARCH_PATHS = (
					"$(inherited)",
					"@executable_path/Frameworks",
				);
				MARKETING_VERSION = 1.0;
				PRODUCT_BUNDLE_IDENTIFIER = com.sunb26.HeartLink;
				PRODUCT_NAME = "$(TARGET_NAME)";
				PROVISIONING_PROFILE_SPECIFIER = "";
				SWIFT_EMIT_LOC_STRINGS = YES;
				SWIFT_VERSION = 5.0;
				TARGETED_DEVICE_FAMILY = "1,2";
			};
			name = Release;
		};
		B57D2F462CBE0F310015B61F /* Debug */ = {
			isa = XCBuildConfiguration;
			buildSettings = {
				BUNDLE_LOADER = "$(TEST_HOST)";
				CODE_SIGN_STYLE = Automatic;
				CURRENT_PROJECT_VERSION = 1;
				DEVELOPMENT_TEAM = V4BVAJHMS3;
				GENERATE_INFOPLIST_FILE = YES;
				IPHONEOS_DEPLOYMENT_TARGET = 18.0;
				MARKETING_VERSION = 1.0;
				PRODUCT_BUNDLE_IDENTIFIER = com.sunb26.HeartLinkTests;
				PRODUCT_NAME = "$(TARGET_NAME)";
				SWIFT_EMIT_LOC_STRINGS = NO;
				SWIFT_VERSION = 5.0;
				TARGETED_DEVICE_FAMILY = "1,2";
				TEST_HOST = "$(BUILT_PRODUCTS_DIR)/HeartLink.app/$(BUNDLE_EXECUTABLE_FOLDER_PATH)/HeartLink";
			};
			name = Debug;
		};
		B57D2F472CBE0F310015B61F /* Release */ = {
			isa = XCBuildConfiguration;
			buildSettings = {
				BUNDLE_LOADER = "$(TEST_HOST)";
				CODE_SIGN_STYLE = Automatic;
				CURRENT_PROJECT_VERSION = 1;
				DEVELOPMENT_TEAM = V4BVAJHMS3;
				GENERATE_INFOPLIST_FILE = YES;
				IPHONEOS_DEPLOYMENT_TARGET = 18.0;
				MARKETING_VERSION = 1.0;
				PRODUCT_BUNDLE_IDENTIFIER = com.sunb26.HeartLinkTests;
				PRODUCT_NAME = "$(TARGET_NAME)";
				SWIFT_EMIT_LOC_STRINGS = NO;
				SWIFT_VERSION = 5.0;
				TARGETED_DEVICE_FAMILY = "1,2";
				TEST_HOST = "$(BUILT_PRODUCTS_DIR)/HeartLink.app/$(BUNDLE_EXECUTABLE_FOLDER_PATH)/HeartLink";
			};
			name = Release;
		};
		B57D2F492CBE0F310015B61F /* Debug */ = {
			isa = XCBuildConfiguration;
			buildSettings = {
				CODE_SIGN_STYLE = Automatic;
				CURRENT_PROJECT_VERSION = 1;
				DEVELOPMENT_TEAM = V4BVAJHMS3;
				GENERATE_INFOPLIST_FILE = YES;
				MARKETING_VERSION = 1.0;
				PRODUCT_BUNDLE_IDENTIFIER = com.sunb26.HeartLinkUITests;
				PRODUCT_NAME = "$(TARGET_NAME)";
				SWIFT_EMIT_LOC_STRINGS = NO;
				SWIFT_VERSION = 5.0;
				TARGETED_DEVICE_FAMILY = "1,2";
				TEST_TARGET_NAME = HeartLink;
			};
			name = Debug;
		};
		B57D2F4A2CBE0F310015B61F /* Release */ = {
			isa = XCBuildConfiguration;
			buildSettings = {
				CODE_SIGN_STYLE = Automatic;
				CURRENT_PROJECT_VERSION = 1;
				DEVELOPMENT_TEAM = V4BVAJHMS3;
				GENERATE_INFOPLIST_FILE = YES;
				MARKETING_VERSION = 1.0;
				PRODUCT_BUNDLE_IDENTIFIER = com.sunb26.HeartLinkUITests;
				PRODUCT_NAME = "$(TARGET_NAME)";
				SWIFT_EMIT_LOC_STRINGS = NO;
				SWIFT_VERSION = 5.0;
				TARGETED_DEVICE_FAMILY = "1,2";
				TEST_TARGET_NAME = HeartLink;
			};
			name = Release;
		};
/* End XCBuildConfiguration section */

/* Begin XCConfigurationList section */
		B57D2F192CBE0F300015B61F /* Build configuration list for PBXProject "HeartLink" */ = {
			isa = XCConfigurationList;
			buildConfigurations = (
				B57D2F402CBE0F310015B61F /* Debug */,
				B57D2F412CBE0F310015B61F /* Release */,
			);
			defaultConfigurationIsVisible = 0;
			defaultConfigurationName = Release;
		};
		B57D2F422CBE0F310015B61F /* Build configuration list for PBXNativeTarget "HeartLink" */ = {
			isa = XCConfigurationList;
			buildConfigurations = (
				B57D2F432CBE0F310015B61F /* Debug */,
				B57D2F442CBE0F310015B61F /* Release */,
			);
			defaultConfigurationIsVisible = 0;
			defaultConfigurationName = Release;
		};
		B57D2F452CBE0F310015B61F /* Build configuration list for PBXNativeTarget "HeartLinkTests" */ = {
			isa = XCConfigurationList;
			buildConfigurations = (
				B57D2F462CBE0F310015B61F /* Debug */,
				B57D2F472CBE0F310015B61F /* Release */,
			);
			defaultConfigurationIsVisible = 0;
			defaultConfigurationName = Release;
		};
		B57D2F482CBE0F310015B61F /* Build configuration list for PBXNativeTarget "HeartLinkUITests" */ = {
			isa = XCConfigurationList;
			buildConfigurations = (
				B57D2F492CBE0F310015B61F /* Debug */,
				B57D2F4A2CBE0F310015B61F /* Release */,
			);
			defaultConfigurationIsVisible = 0;
			defaultConfigurationName = Release;
		};
/* End XCConfigurationList section */
	};
	rootObject = B57D2F162CBE0F300015B61F /* Project object */;
}
